
Microsoft Visual Studio Solution File, Format Version 12.00
# Visual Studio 14
VisualStudioVersion = 14.0.25420.1
MinimumVisualStudioVersion = 10.0.40219.1
Project("{FAE04EC0-301F-11D3-BF4B-00C04F79EFBC}") = "Server", "ProductTracking\Server.csproj", "{0D536E88-4E52-4FF3-BC7C-7E231EEF1E7C}"
EndProject
Project("{FAE04EC0-301F-11D3-BF4B-00C04F79EFBC}") = "Client", "Client\Client.csproj", "{028D86E0-FC37-42A0-89C9-1BEEC365C4A7}"
EndProject
Project("{FAE04EC0-301F-11D3-BF4B-00C04F79EFBC}") = "Entities", "Entities\Entities.csproj", "{E19B47BF-9C1E-4A2E-A44C-8F4BA4BDE6CE}"
EndProject
Project("{FAE04EC0-301F-11D3-BF4B-00C04F79EFBC}") = "BlueService.Service", "BlueService.Service\BlueService.Service.csproj", "{F59F4390-44D0-49A2-BFF7-578AF338619A}"
	ProjectSection(ProjectDependencies) = postProject
		{0D536E88-4E52-4FF3-BC7C-7E231EEF1E7C} = {0D536E88-4E52-4FF3-BC7C-7E231EEF1E7C}
		{E19B47BF-9C1E-4A2E-A44C-8F4BA4BDE6CE} = {E19B47BF-9C1E-4A2E-A44C-8F4BA4BDE6CE}
	EndProjectSection
EndProject
Project("{FAE04EC0-301F-11D3-BF4B-00C04F79EFBC}") = "BlueServiceHost", "BlueServiceHost\BlueServiceHost.csproj", "{1560DA7D-AA1D-4027-B009-09FBDBA1476C}"
EndProject
Project("{FAE04EC0-301F-11D3-BF4B-00C04F79EFBC}") = "WhiteAutoamtionDll", "AutoamtionDll\WhiteAutoamtionDll.csproj", "{42C62FBC-8DA2-4C9D-9AC6-7DFD3EABC29A}"
EndProject
Project("{FAE04EC0-301F-11D3-BF4B-00C04F79EFBC}") = "BeamWindow", "BeamWindow\BeamWindow.csproj", "{66613638-1F5E-4B58-A24B-86FF71348B56}"
	ProjectSection(ProjectDependencies) = postProject
		{F59F4390-44D0-49A2-BFF7-578AF338619A} = {F59F4390-44D0-49A2-BFF7-578AF338619A}
	EndProjectSection
EndProject
Project("{FAE04EC0-301F-11D3-BF4B-00C04F79EFBC}") = "Client.Tests", "Client.Tests\Client.Tests.csproj", "{F15DFD9F-1383-4F90-92A0-43ED7484C89A}"
EndProject
Project("{FAE04EC0-301F-11D3-BF4B-00C04F79EFBC}") = "R_CADViewXService", "R_CADViewXService\R_CADViewXService\R_CADViewXService.csproj", "{15931CEE-6A0F-4A61-954C-4EDD773E9D51}"
EndProject
Global
	GlobalSection(SolutionConfigurationPlatforms) = preSolution
		Debug|Any CPU = Debug|Any CPU
		Debug|x86 = Debug|x86
		Release|Any CPU = Release|Any CPU
		Release|x86 = Release|x86
		Test|Any CPU = Test|Any CPU
		Test|x86 = Test|x86
	EndGlobalSection
	GlobalSection(ProjectConfigurationPlatforms) = postSolution
		{0D536E88-4E52-4FF3-BC7C-7E231EEF1E7C}.Debug|Any CPU.ActiveCfg = Debug|Any CPU
		{0D536E88-4E52-4FF3-BC7C-7E231EEF1E7C}.Debug|Any CPU.Build.0 = Debug|Any CPU
		{0D536E88-4E52-4FF3-BC7C-7E231EEF1E7C}.Debug|x86.ActiveCfg = Debug|Any CPU
		{0D536E88-4E52-4FF3-BC7C-7E231EEF1E7C}.Debug|x86.Build.0 = Debug|Any CPU
		{0D536E88-4E52-4FF3-BC7C-7E231EEF1E7C}.Release|Any CPU.ActiveCfg = Release|Any CPU
		{0D536E88-4E52-4FF3-BC7C-7E231EEF1E7C}.Release|Any CPU.Build.0 = Release|Any CPU
		{0D536E88-4E52-4FF3-BC7C-7E231EEF1E7C}.Release|x86.ActiveCfg = Release|Any CPU
		{0D536E88-4E52-4FF3-BC7C-7E231EEF1E7C}.Release|x86.Build.0 = Release|Any CPU
		{0D536E88-4E52-4FF3-BC7C-7E231EEF1E7C}.Test|Any CPU.ActiveCfg = Test|Any CPU
		{0D536E88-4E52-4FF3-BC7C-7E231EEF1E7C}.Test|Any CPU.Build.0 = Test|Any CPU
		{0D536E88-4E52-4FF3-BC7C-7E231EEF1E7C}.Test|x86.ActiveCfg = Test|Any CPU
		{0D536E88-4E52-4FF3-BC7C-7E231EEF1E7C}.Test|x86.Build.0 = Test|Any CPU
		{028D86E0-FC37-42A0-89C9-1BEEC365C4A7}.Debug|Any CPU.ActiveCfg = Debug|Any CPU
		{028D86E0-FC37-42A0-89C9-1BEEC365C4A7}.Debug|Any CPU.Build.0 = Debug|Any CPU
		{028D86E0-FC37-42A0-89C9-1BEEC365C4A7}.Debug|x86.ActiveCfg = Debug|x86
		{028D86E0-FC37-42A0-89C9-1BEEC365C4A7}.Debug|x86.Build.0 = Debug|x86
		{028D86E0-FC37-42A0-89C9-1BEEC365C4A7}.Release|Any CPU.ActiveCfg = Release|Any CPU
		{028D86E0-FC37-42A0-89C9-1BEEC365C4A7}.Release|Any CPU.Build.0 = Release|Any CPU
		{028D86E0-FC37-42A0-89C9-1BEEC365C4A7}.Release|x86.ActiveCfg = Release|Any CPU
		{028D86E0-FC37-42A0-89C9-1BEEC365C4A7}.Release|x86.Build.0 = Release|Any CPU
		{028D86E0-FC37-42A0-89C9-1BEEC365C4A7}.Test|Any CPU.ActiveCfg = Test|Any CPU
		{028D86E0-FC37-42A0-89C9-1BEEC365C4A7}.Test|Any CPU.Build.0 = Test|Any CPU
		{028D86E0-FC37-42A0-89C9-1BEEC365C4A7}.Test|x86.ActiveCfg = Test|Any CPU
		{028D86E0-FC37-42A0-89C9-1BEEC365C4A7}.Test|x86.Build.0 = Test|Any CPU
		{E19B47BF-9C1E-4A2E-A44C-8F4BA4BDE6CE}.Debug|Any CPU.ActiveCfg = Debug|Any CPU
		{E19B47BF-9C1E-4A2E-A44C-8F4BA4BDE6CE}.Debug|Any CPU.Build.0 = Debug|Any CPU
		{E19B47BF-9C1E-4A2E-A44C-8F4BA4BDE6CE}.Debug|x86.ActiveCfg = Debug|x86
		{E19B47BF-9C1E-4A2E-A44C-8F4BA4BDE6CE}.Debug|x86.Build.0 = Debug|x86
		{E19B47BF-9C1E-4A2E-A44C-8F4BA4BDE6CE}.Release|Any CPU.ActiveCfg = Release|Any CPU
		{E19B47BF-9C1E-4A2E-A44C-8F4BA4BDE6CE}.Release|Any CPU.Build.0 = Release|Any CPU
		{E19B47BF-9C1E-4A2E-A44C-8F4BA4BDE6CE}.Release|x86.ActiveCfg = Release|Any CPU
		{E19B47BF-9C1E-4A2E-A44C-8F4BA4BDE6CE}.Release|x86.Build.0 = Release|Any CPU
		{E19B47BF-9C1E-4A2E-A44C-8F4BA4BDE6CE}.Test|Any CPU.ActiveCfg = Test|Any CPU
		{E19B47BF-9C1E-4A2E-A44C-8F4BA4BDE6CE}.Test|Any CPU.Build.0 = Test|Any CPU
		{E19B47BF-9C1E-4A2E-A44C-8F4BA4BDE6CE}.Test|x86.ActiveCfg = Test|Any CPU
		{E19B47BF-9C1E-4A2E-A44C-8F4BA4BDE6CE}.Test|x86.Build.0 = Test|Any CPU
		{F59F4390-44D0-49A2-BFF7-578AF338619A}.Debug|Any CPU.ActiveCfg = Debug|Any CPU
		{F59F4390-44D0-49A2-BFF7-578AF338619A}.Debug|Any CPU.Build.0 = Debug|Any CPU
		{F59F4390-44D0-49A2-BFF7-578AF338619A}.Debug|x86.ActiveCfg = Debug|Any CPU
		{F59F4390-44D0-49A2-BFF7-578AF338619A}.Debug|x86.Build.0 = Debug|Any CPU
		{F59F4390-44D0-49A2-BFF7-578AF338619A}.Release|Any CPU.ActiveCfg = Release|Any CPU
		{F59F4390-44D0-49A2-BFF7-578AF338619A}.Release|Any CPU.Build.0 = Release|Any CPU
		{F59F4390-44D0-49A2-BFF7-578AF338619A}.Release|x86.ActiveCfg = Release|Any CPU
		{F59F4390-44D0-49A2-BFF7-578AF338619A}.Release|x86.Build.0 = Release|Any CPU
		{F59F4390-44D0-49A2-BFF7-578AF338619A}.Test|Any CPU.ActiveCfg = Release|Any CPU
		{F59F4390-44D0-49A2-BFF7-578AF338619A}.Test|x86.ActiveCfg = Release|Any CPU
		{1560DA7D-AA1D-4027-B009-09FBDBA1476C}.Debug|Any CPU.ActiveCfg = Debug|Any CPU
		{1560DA7D-AA1D-4027-B009-09FBDBA1476C}.Debug|Any CPU.Build.0 = Debug|Any CPU
		{1560DA7D-AA1D-4027-B009-09FBDBA1476C}.Debug|x86.ActiveCfg = Debug|Any CPU
		{1560DA7D-AA1D-4027-B009-09FBDBA1476C}.Debug|x86.Build.0 = Debug|Any CPU
		{1560DA7D-AA1D-4027-B009-09FBDBA1476C}.Release|Any CPU.ActiveCfg = Release|Any CPU
		{1560DA7D-AA1D-4027-B009-09FBDBA1476C}.Release|Any CPU.Build.0 = Release|Any CPU
		{1560DA7D-AA1D-4027-B009-09FBDBA1476C}.Release|x86.ActiveCfg = Release|Any CPU
		{1560DA7D-AA1D-4027-B009-09FBDBA1476C}.Release|x86.Build.0 = Release|Any CPU
		{1560DA7D-AA1D-4027-B009-09FBDBA1476C}.Test|Any CPU.ActiveCfg = Release|Any CPU
		{1560DA7D-AA1D-4027-B009-09FBDBA1476C}.Test|x86.ActiveCfg = Release|Any CPU
		{42C62FBC-8DA2-4C9D-9AC6-7DFD3EABC29A}.Debug|Any CPU.ActiveCfg = Debug|Any CPU
		{42C62FBC-8DA2-4C9D-9AC6-7DFD3EABC29A}.Debug|Any CPU.Build.0 = Debug|Any CPU
		{42C62FBC-8DA2-4C9D-9AC6-7DFD3EABC29A}.Debug|x86.ActiveCfg = Debug|Any CPU
		{42C62FBC-8DA2-4C9D-9AC6-7DFD3EABC29A}.Debug|x86.Build.0 = Debug|Any CPU
		{42C62FBC-8DA2-4C9D-9AC6-7DFD3EABC29A}.Release|Any CPU.ActiveCfg = Release|Any CPU
		{42C62FBC-8DA2-4C9D-9AC6-7DFD3EABC29A}.Release|Any CPU.Build.0 = Release|Any CPU
		{42C62FBC-8DA2-4C9D-9AC6-7DFD3EABC29A}.Release|x86.ActiveCfg = Release|Any CPU
		{42C62FBC-8DA2-4C9D-9AC6-7DFD3EABC29A}.Release|x86.Build.0 = Release|Any CPU
		{42C62FBC-8DA2-4C9D-9AC6-7DFD3EABC29A}.Test|Any CPU.ActiveCfg = Release|Any CPU
		{42C62FBC-8DA2-4C9D-9AC6-7DFD3EABC29A}.Test|x86.ActiveCfg = Release|Any CPU
		{66613638-1F5E-4B58-A24B-86FF71348B56}.Debug|Any CPU.ActiveCfg = Debug|Any CPU
		{66613638-1F5E-4B58-A24B-86FF71348B56}.Debug|Any CPU.Build.0 = Debug|Any CPU
		{66613638-1F5E-4B58-A24B-86FF71348B56}.Debug|x86.ActiveCfg = Debug|Any CPU
		{66613638-1F5E-4B58-A24B-86FF71348B56}.Debug|x86.Build.0 = Debug|Any CPU
		{66613638-1F5E-4B58-A24B-86FF71348B56}.Release|Any CPU.ActiveCfg = Release|Any CPU
		{66613638-1F5E-4B58-A24B-86FF71348B56}.Release|Any CPU.Build.0 = Release|Any CPU
		{66613638-1F5E-4B58-A24B-86FF71348B56}.Release|x86.ActiveCfg = Release|Any CPU
		{66613638-1F5E-4B58-A24B-86FF71348B56}.Release|x86.Build.0 = Release|Any CPU
		{66613638-1F5E-4B58-A24B-86FF71348B56}.Test|Any CPU.ActiveCfg = Release|Any CPU
		{66613638-1F5E-4B58-A24B-86FF71348B56}.Test|x86.ActiveCfg = Release|Any CPU
		{F15DFD9F-1383-4F90-92A0-43ED7484C89A}.Debug|Any CPU.ActiveCfg = Debug|Any CPU
		{F15DFD9F-1383-4F90-92A0-43ED7484C89A}.Debug|Any CPU.Build.0 = Debug|Any CPU
		{F15DFD9F-1383-4F90-92A0-43ED7484C89A}.Debug|x86.ActiveCfg = Debug|Any CPU
		{F15DFD9F-1383-4F90-92A0-43ED7484C89A}.Debug|x86.Build.0 = Debug|Any CPU
		{F15DFD9F-1383-4F90-92A0-43ED7484C89A}.Release|Any CPU.ActiveCfg = Release|Any CPU
		{F15DFD9F-1383-4F90-92A0-43ED7484C89A}.Release|Any CPU.Build.0 = Release|Any CPU
		{F15DFD9F-1383-4F90-92A0-43ED7484C89A}.Release|x86.ActiveCfg = Release|Any CPU
		{F15DFD9F-1383-4F90-92A0-43ED7484C89A}.Release|x86.Build.0 = Release|Any CPU
		{F15DFD9F-1383-4F90-92A0-43ED7484C89A}.Test|Any CPU.ActiveCfg = Release|Any CPU
		{F15DFD9F-1383-4F90-92A0-43ED7484C89A}.Test|x86.ActiveCfg = Release|Any CPU
		{15931CEE-6A0F-4A61-954C-4EDD773E9D51}.Debug|Any CPU.ActiveCfg = Debug|Any CPU
		{15931CEE-6A0F-4A61-954C-4EDD773E9D51}.Debug|Any CPU.Build.0 = Debug|Any CPU
		{15931CEE-6A0F-4A61-954C-4EDD773E9D51}.Debug|x86.ActiveCfg = Debug|Any CPU
		{15931CEE-6A0F-4A61-954C-4EDD773E9D51}.Debug|x86.Build.0 = Debug|Any CPU
		{15931CEE-6A0F-4A61-954C-4EDD773E9D51}.Release|Any CPU.ActiveCfg = Release|Any CPU
		{15931CEE-6A0F-4A61-954C-4EDD773E9D51}.Release|Any CPU.Build.0 = Release|Any CPU
		{15931CEE-6A0F-4A61-954C-4EDD773E9D51}.Release|x86.ActiveCfg = Release|Any CPU
		{15931CEE-6A0F-4A61-954C-4EDD773E9D51}.Release|x86.Build.0 = Release|Any CPU
		{15931CEE-6A0F-4A61-954C-4EDD773E9D51}.Test|Any CPU.ActiveCfg = Release|Any CPU
		{15931CEE-6A0F-4A61-954C-4EDD773E9D51}.Test|Any CPU.Build.0 = Release|Any CPU
		{15931CEE-6A0F-4A61-954C-4EDD773E9D51}.Test|x86.ActiveCfg = Release|Any CPU
		{15931CEE-6A0F-4A61-954C-4EDD773E9D51}.Test|x86.Build.0 = Release|Any CPU
	EndGlobalSection
	GlobalSection(SolutionProperties) = preSolution
		HideSolutionNode = FALSE
	EndGlobalSection
EndGlobal
